
Microsoft Visual Studio Solution File, Format Version 12.00
# Visual Studio Version 16
VisualStudioVersion = 16.0.28407.52
MinimumVisualStudioVersion = 10.0.40219.1
Project("{FAE04EC0-301F-11D3-BF4B-00C04F79EFBC}") = "DemoQRCodeGenerator", "DemoQRCodeGenerator.csproj", "{B378EADF-93D6-4DA5-970F-154DDDE1C0D8}"
EndProject
Global
	GlobalSection(SolutionConfigurationPlatforms) = preSolution
		Debug|Any CPU = Debug|Any CPU
		Release|Any CPU = Release|Any CPU
	EndGlobalSection
	GlobalSection(ProjectConfigurationPlatforms) = postSolution
		{B378EADF-93D6-4DA5-970F-154DDDE1C0D8}.Debug|Any CPU.ActiveCfg = Debug|Any CPU
		{B378EADF-93D6-4DA5-970F-154DDDE1C0D8}.Debug|Any CPU.Build.0 = Debug|Any CPU
		{B378EADF-93D6-4DA5-970F-154DDDE1C0D8}.Release|Any CPU.ActiveCfg = Release|Any CPU
		{B378EADF-93D6-4DA5-970F-154DDDE1C0D8}.Release|Any CPU.Build.0 = Release|Any CPU
	EndGlobalSection
	GlobalSection(SolutionProperties) = preSolution
		HideSolutionNode = FALSE
	EndGlobalSection
	GlobalSection(ExtensibilityGlobals) = postSolution
		SolutionGuid = {ED5F27B9-E239-4944-9148-B6D7A3DF88B5}
	EndGlobalSection
EndGlobal
